// !$*UTF8*$!
{
	archiveVersion = 1;
	classes = {
	};
	objectVersion = 52;
	objects = {

/* Begin PBXBuildFile section */
		69AE637723F0E58900BF70EA /* Employee.swift in Sources */ = {isa = PBXBuildFile; fileRef = 69AE637523F0E58900BF70EA /* Employee.swift */; };
		69AE637C23F0E6C700BF70EA /* ViewController.swift in Sources */ = {isa = PBXBuildFile; fileRef = 69AE637923F0E6C600BF70EA /* ViewController.swift */; };
		69AE637D23F0E6C700BF70EA /* WindowController.swift in Sources */ = {isa = PBXBuildFile; fileRef = 69AE637A23F0E6C600BF70EA /* WindowController.swift */; };
		69AE638323F0E9FD00BF70EA /* JobPresenter.swift in Sources */ = {isa = PBXBuildFile; fileRef = 69AE638123F0E9FD00BF70EA /* JobPresenter.swift */; };
		69AE638A23F0ED1600BF70EA /* JobViewModel.swift in Sources */ = {isa = PBXBuildFile; fileRef = 69AE638923F0ED1600BF70EA /* JobViewModel.swift */; };
		69AE638C23F0ED2900BF70EA /* EmployeeViewModel.swift in Sources */ = {isa = PBXBuildFile; fileRef = 69AE638B23F0ED2900BF70EA /* EmployeeViewModel.swift */; };
		69AE638E23F0EE1D00BF70EA /* JobState.swift in Sources */ = {isa = PBXBuildFile; fileRef = 69AE638D23F0EE1D00BF70EA /* JobState.swift */; };
		69AE639023F0EE8100BF70EA /* Job.swift in Sources */ = {isa = PBXBuildFile; fileRef = 69AE638F23F0EE8100BF70EA /* Job.swift */; };
		69AE639223F0F3A800BF70EA /* EmployeeID.swift in Sources */ = {isa = PBXBuildFile; fileRef = 69AE639123F0F3A800BF70EA /* EmployeeID.swift */; };
		69AE639423F203D700BF70EA /* JobStore.swift in Sources */ = {isa = PBXBuildFile; fileRef = 69AE639323F203D700BF70EA /* JobStore.swift */; };
		69AE639723F4A93400BF70EA /* Undoable.swift in Sources */ = {isa = PBXBuildFile; fileRef = 69AE639623F4A93400BF70EA /* Undoable.swift */; };
		69AE639923F4A95E00BF70EA /* NotUndoable.swift in Sources */ = {isa = PBXBuildFile; fileRef = 69AE639823F4A95E00BF70EA /* NotUndoable.swift */; };
		69AE639B23F9FD3E00BF70EA /* UndoActionContext.swift in Sources */ = {isa = PBXBuildFile; fileRef = 69AE639A23F9FD3E00BF70EA /* UndoActionContext.swift */; };
		69AE639D23FA0AA400BF70EA /* LoggingMiddleware.swift in Sources */ = {isa = PBXBuildFile; fileRef = 69AE639C23FA0AA400BF70EA /* LoggingMiddleware.swift */; };
		69AE63AA23FB75EC00BF70EA /* JobReducer.swift in Sources */ = {isa = PBXBuildFile; fileRef = 69AE63A823FB75EC00BF70EA /* JobReducer.swift */; };
		69AE63AB23FB75EC00BF70EA /* JobActions.swift in Sources */ = {isa = PBXBuildFile; fileRef = 69AE63A923FB75EC00BF70EA /* JobActions.swift */; };
		69AE63AD23FB760700BF70EA /* EmployeeReducer.swift in Sources */ = {isa = PBXBuildFile; fileRef = 69AE63AC23FB760700BF70EA /* EmployeeReducer.swift */; };
		69AE63AF23FB77ED00BF70EA /* EmployeeActions.swift in Sources */ = {isa = PBXBuildFile; fileRef = 69AE63AE23FB77ED00BF70EA /* EmployeeActions.swift */; };
		69AE63B123FB7C9F00BF70EA /* UndoMiddleware.swift in Sources */ = {isa = PBXBuildFile; fileRef = 69AE63B023FB7C9F00BF70EA /* UndoMiddleware.swift */; };
		69AE63B423FB8A5400BF70EA /* UndoCommand.swift in Sources */ = {isa = PBXBuildFile; fileRef = 69AE63B323FB8A5400BF70EA /* UndoCommand.swift */; };
		69AE63B723FCAAD500BF70EA /* SelectionState.swift in Sources */ = {isa = PBXBuildFile; fileRef = 69AE63B623FCAAD500BF70EA /* SelectionState.swift */; };
		69AE63B923FCAB1000BF70EA /* SelectionReducer.swift in Sources */ = {isa = PBXBuildFile; fileRef = 69AE63B823FCAB1000BF70EA /* SelectionReducer.swift */; };
		69AE63BB23FCAB4000BF70EA /* SelectionActions.swift in Sources */ = {isa = PBXBuildFile; fileRef = 69AE63BA23FCAB4000BF70EA /* SelectionActions.swift */; };
		69AE63BD23FCAC6400BF70EA /* RemoveIdempotentActionsMiddleware.swift in Sources */ = {isa = PBXBuildFile; fileRef = 69AE63BC23FCAC6400BF70EA /* RemoveIdempotentActionsMiddleware.swift */; };
		69F3509A23EA0A7100F61437 /* AppDelegate.swift in Sources */ = {isa = PBXBuildFile; fileRef = 69F3509923EA0A7100F61437 /* AppDelegate.swift */; };
		69F3509E23EA0A7100F61437 /* Document.swift in Sources */ = {isa = PBXBuildFile; fileRef = 69F3509D23EA0A7100F61437 /* Document.swift */; };
		69F350A023EA0A7300F61437 /* Assets.xcassets in Resources */ = {isa = PBXBuildFile; fileRef = 69F3509F23EA0A7300F61437 /* Assets.xcassets */; };
		69F350A323EA0A7300F61437 /* Main.storyboard in Resources */ = {isa = PBXBuildFile; fileRef = 69F350A123EA0A7300F61437 /* Main.storyboard */; };
		69F350AD23EB9F8700F61437 /* ReSwift in Frameworks */ = {isa = PBXBuildFile; productRef = 69F350AC23EB9F8700F61437 /* ReSwift */; };
/* End PBXBuildFile section */

/* Begin PBXFileReference section */
		69AE637523F0E58900BF70EA /* Employee.swift */ = {isa = PBXFileReference; fileEncoding = 4; lastKnownFileType = sourcecode.swift; path = Employee.swift; sourceTree = "<group>"; };
		69AE637923F0E6C600BF70EA /* ViewController.swift */ = {isa = PBXFileReference; fileEncoding = 4; lastKnownFileType = sourcecode.swift; path = ViewController.swift; sourceTree = "<group>"; };
		69AE637A23F0E6C600BF70EA /* WindowController.swift */ = {isa = PBXFileReference; fileEncoding = 4; lastKnownFileType = sourcecode.swift; path = WindowController.swift; sourceTree = "<group>"; };
		69AE638123F0E9FD00BF70EA /* JobPresenter.swift */ = {isa = PBXFileReference; fileEncoding = 4; lastKnownFileType = sourcecode.swift; path = JobPresenter.swift; sourceTree = "<group>"; };
		69AE638923F0ED1600BF70EA /* JobViewModel.swift */ = {isa = PBXFileReference; fileEncoding = 4; lastKnownFileType = sourcecode.swift; path = JobViewModel.swift; sourceTree = "<group>"; };
		69AE638B23F0ED2900BF70EA /* EmployeeViewModel.swift */ = {isa = PBXFileReference; lastKnownFileType = sourcecode.swift; path = EmployeeViewModel.swift; sourceTree = "<group>"; };
		69AE638D23F0EE1D00BF70EA /* JobState.swift */ = {isa = PBXFileReference; lastKnownFileType = sourcecode.swift; path = JobState.swift; sourceTree = "<group>"; };
		69AE638F23F0EE8100BF70EA /* Job.swift */ = {isa = PBXFileReference; lastKnownFileType = sourcecode.swift; path = Job.swift; sourceTree = "<group>"; };
		69AE639123F0F3A800BF70EA /* EmployeeID.swift */ = {isa = PBXFileReference; fileEncoding = 4; lastKnownFileType = sourcecode.swift; path = EmployeeID.swift; sourceTree = "<group>"; };
		69AE639323F203D700BF70EA /* JobStore.swift */ = {isa = PBXFileReference; lastKnownFileType = sourcecode.swift; path = JobStore.swift; sourceTree = "<group>"; };
		69AE639623F4A93400BF70EA /* Undoable.swift */ = {isa = PBXFileReference; lastKnownFileType = sourcecode.swift; path = Undoable.swift; sourceTree = "<group>"; };
		69AE639823F4A95E00BF70EA /* NotUndoable.swift */ = {isa = PBXFileReference; lastKnownFileType = sourcecode.swift; path = NotUndoable.swift; sourceTree = "<group>"; };
		69AE639A23F9FD3E00BF70EA /* UndoActionContext.swift */ = {isa = PBXFileReference; lastKnownFileType = sourcecode.swift; path = UndoActionContext.swift; sourceTree = "<group>"; };
		69AE639C23FA0AA400BF70EA /* LoggingMiddleware.swift */ = {isa = PBXFileReference; lastKnownFileType = sourcecode.swift; path = LoggingMiddleware.swift; sourceTree = "<group>"; };
		69AE63A823FB75EC00BF70EA /* JobReducer.swift */ = {isa = PBXFileReference; fileEncoding = 4; lastKnownFileType = sourcecode.swift; path = JobReducer.swift; sourceTree = "<group>"; };
		69AE63A923FB75EC00BF70EA /* JobActions.swift */ = {isa = PBXFileReference; fileEncoding = 4; lastKnownFileType = sourcecode.swift; path = JobActions.swift; sourceTree = "<group>"; };
		69AE63AC23FB760700BF70EA /* EmployeeReducer.swift */ = {isa = PBXFileReference; lastKnownFileType = sourcecode.swift; path = EmployeeReducer.swift; sourceTree = "<group>"; };
		69AE63AE23FB77ED00BF70EA /* EmployeeActions.swift */ = {isa = PBXFileReference; lastKnownFileType = sourcecode.swift; path = EmployeeActions.swift; sourceTree = "<group>"; };
		69AE63B023FB7C9F00BF70EA /* UndoMiddleware.swift */ = {isa = PBXFileReference; lastKnownFileType = sourcecode.swift; path = UndoMiddleware.swift; sourceTree = "<group>"; };
		69AE63B323FB8A5400BF70EA /* UndoCommand.swift */ = {isa = PBXFileReference; lastKnownFileType = sourcecode.swift; path = UndoCommand.swift; sourceTree = "<group>"; };
		69AE63B623FCAAD500BF70EA /* SelectionState.swift */ = {isa = PBXFileReference; lastKnownFileType = sourcecode.swift; path = SelectionState.swift; sourceTree = "<group>"; };
		69AE63B823FCAB1000BF70EA /* SelectionReducer.swift */ = {isa = PBXFileReference; lastKnownFileType = sourcecode.swift; path = SelectionReducer.swift; sourceTree = "<group>"; };
		69AE63BA23FCAB4000BF70EA /* SelectionActions.swift */ = {isa = PBXFileReference; lastKnownFileType = sourcecode.swift; path = SelectionActions.swift; sourceTree = "<group>"; };
		69AE63BC23FCAC6400BF70EA /* RemoveIdempotentActionsMiddleware.swift */ = {isa = PBXFileReference; lastKnownFileType = sourcecode.swift; path = RemoveIdempotentActionsMiddleware.swift; sourceTree = "<group>"; };
		69F3509623EA0A7100F61437 /* reswift-jobs.app */ = {isa = PBXFileReference; explicitFileType = wrapper.application; includeInIndex = 0; path = "reswift-jobs.app"; sourceTree = BUILT_PRODUCTS_DIR; };
		69F3509923EA0A7100F61437 /* AppDelegate.swift */ = {isa = PBXFileReference; lastKnownFileType = sourcecode.swift; path = AppDelegate.swift; sourceTree = "<group>"; };
		69F3509D23EA0A7100F61437 /* Document.swift */ = {isa = PBXFileReference; lastKnownFileType = sourcecode.swift; path = Document.swift; sourceTree = "<group>"; };
		69F3509F23EA0A7300F61437 /* Assets.xcassets */ = {isa = PBXFileReference; lastKnownFileType = folder.assetcatalog; path = Assets.xcassets; sourceTree = "<group>"; };
		69F350A223EA0A7300F61437 /* Base */ = {isa = PBXFileReference; lastKnownFileType = file.storyboard; name = Base; path = Base.lproj/Main.storyboard; sourceTree = "<group>"; };
		69F350A423EA0A7300F61437 /* Info.plist */ = {isa = PBXFileReference; lastKnownFileType = text.plist.xml; path = Info.plist; sourceTree = "<group>"; };
		69F350A523EA0A7300F61437 /* reswift_jobs.entitlements */ = {isa = PBXFileReference; lastKnownFileType = text.plist.entitlements; path = reswift_jobs.entitlements; sourceTree = "<group>"; };
/* End PBXFileReference section */

/* Begin PBXFrameworksBuildPhase section */
		69F3509323EA0A7100F61437 /* Frameworks */ = {
			isa = PBXFrameworksBuildPhase;
			buildActionMask = 2147483647;
			files = (
				69F350AD23EB9F8700F61437 /* ReSwift in Frameworks */,
			);
			runOnlyForDeploymentPostprocessing = 0;
		};
/* End PBXFrameworksBuildPhase section */

/* Begin PBXGroup section */
		69AE637423F0E58900BF70EA /* Model */ = {
			isa = PBXGroup;
			children = (
				69AE637523F0E58900BF70EA /* Employee.swift */,
				69AE639123F0F3A800BF70EA /* EmployeeID.swift */,
				69AE638F23F0EE8100BF70EA /* Job.swift */,
			);
			path = Model;
			sourceTree = "<group>";
		};
		69AE637623F0E58900BF70EA /* State */ = {
			isa = PBXGroup;
			children = (
				69AE63A623FB75EC00BF70EA /* Employee Actions */,
				69AE63A723FB75EC00BF70EA /* Job Actions */,
				69AE638D23F0EE1D00BF70EA /* JobState.swift */,
				69AE639323F203D700BF70EA /* JobStore.swift */,
				69AE63B523FCAAB900BF70EA /* Selection Changes */,
				69AE639523F4A91E00BF70EA /* Undo */,
				69AE639C23FA0AA400BF70EA /* LoggingMiddleware.swift */,
				69AE63BC23FCAC6400BF70EA /* RemoveIdempotentActionsMiddleware.swift */,
			);
			path = State;
			sourceTree = "<group>";
		};
		69AE637823F0E6C600BF70EA /* UI */ = {
			isa = PBXGroup;
			children = (
				69AE638B23F0ED2900BF70EA /* EmployeeViewModel.swift */,
				69AE638123F0E9FD00BF70EA /* JobPresenter.swift */,
				69AE638923F0ED1600BF70EA /* JobViewModel.swift */,
				69AE637923F0E6C600BF70EA /* ViewController.swift */,
				69AE637A23F0E6C600BF70EA /* WindowController.swift */,
			);
			path = UI;
			sourceTree = "<group>";
		};
		69AE639523F4A91E00BF70EA /* Undo */ = {
			isa = PBXGroup;
			children = (
				69AE639623F4A93400BF70EA /* Undoable.swift */,
				69AE639823F4A95E00BF70EA /* NotUndoable.swift */,
				69AE639A23F9FD3E00BF70EA /* UndoActionContext.swift */,
				69AE63B023FB7C9F00BF70EA /* UndoMiddleware.swift */,
			);
			path = Undo;
			sourceTree = "<group>";
		};
		69AE63A623FB75EC00BF70EA /* Employee Actions */ = {
			isa = PBXGroup;
			children = (
				69AE63AE23FB77ED00BF70EA /* EmployeeActions.swift */,
				69AE63AC23FB760700BF70EA /* EmployeeReducer.swift */,
			);
			path = "Employee Actions";
			sourceTree = "<group>";
		};
		69AE63A723FB75EC00BF70EA /* Job Actions */ = {
			isa = PBXGroup;
			children = (
				69AE63A923FB75EC00BF70EA /* JobActions.swift */,
				69AE63A823FB75EC00BF70EA /* JobReducer.swift */,
			);
			path = "Job Actions";
			sourceTree = "<group>";
		};
		69AE63B223FB8A2F00BF70EA /* Infrastructure */ = {
			isa = PBXGroup;
			children = (
				69AE63B323FB8A5400BF70EA /* UndoCommand.swift */,
			);
			path = Infrastructure;
			sourceTree = "<group>";
		};
		69AE63B523FCAAB900BF70EA /* Selection Changes */ = {
			isa = PBXGroup;
			children = (
				69AE63BA23FCAB4000BF70EA /* SelectionActions.swift */,
				69AE63B823FCAB1000BF70EA /* SelectionReducer.swift */,
				69AE63B623FCAAD500BF70EA /* SelectionState.swift */,
			);
			path = "Selection Changes";
			sourceTree = "<group>";
		};
		69F3508D23EA0A7100F61437 = {
			isa = PBXGroup;
			children = (
				69F3509823EA0A7100F61437 /* reswift-jobs */,
				69F3509723EA0A7100F61437 /* Products */,
			);
			sourceTree = "<group>";
		};
		69F3509723EA0A7100F61437 /* Products */ = {
			isa = PBXGroup;
			children = (
				69F3509623EA0A7100F61437 /* reswift-jobs.app */,
			);
			name = Products;
			sourceTree = "<group>";
		};
		69F3509823EA0A7100F61437 /* reswift-jobs */ = {
			isa = PBXGroup;
			children = (
				69AE63B223FB8A2F00BF70EA /* Infrastructure */,
				69AE637423F0E58900BF70EA /* Model */,
				69AE637623F0E58900BF70EA /* State */,
				69AE637823F0E6C600BF70EA /* UI */,
				69F3509923EA0A7100F61437 /* AppDelegate.swift */,
				69F3509D23EA0A7100F61437 /* Document.swift */,
				69F3509F23EA0A7300F61437 /* Assets.xcassets */,
				69F350A123EA0A7300F61437 /* Main.storyboard */,
				69F350A423EA0A7300F61437 /* Info.plist */,
				69F350A523EA0A7300F61437 /* reswift_jobs.entitlements */,
			);
			path = "reswift-jobs";
			sourceTree = "<group>";
		};
/* End PBXGroup section */

/* Begin PBXNativeTarget section */
		69F3509523EA0A7100F61437 /* reswift-jobs */ = {
			isa = PBXNativeTarget;
			buildConfigurationList = 69F350A823EA0A7300F61437 /* Build configuration list for PBXNativeTarget "reswift-jobs" */;
			buildPhases = (
				69F3509223EA0A7100F61437 /* Sources */,
				69F3509323EA0A7100F61437 /* Frameworks */,
				69F3509423EA0A7100F61437 /* Resources */,
			);
			buildRules = (
			);
			dependencies = (
			);
			name = "reswift-jobs";
			packageProductDependencies = (
				69F350AC23EB9F8700F61437 /* ReSwift */,
			);
			productName = "reswift-jobs";
			productReference = 69F3509623EA0A7100F61437 /* reswift-jobs.app */;
			productType = "com.apple.product-type.application";
		};
/* End PBXNativeTarget section */

/* Begin PBXProject section */
		69F3508E23EA0A7100F61437 /* Project object */ = {
			isa = PBXProject;
			attributes = {
				LastSwiftUpdateCheck = 1130;
				LastUpgradeCheck = 1130;
				ORGANIZATIONNAME = "Heynow Software";
				TargetAttributes = {
					69F3509523EA0A7100F61437 = {
						CreatedOnToolsVersion = 11.3.1;
					};
				};
			};
			buildConfigurationList = 69F3509123EA0A7100F61437 /* Build configuration list for PBXProject "reswift-jobs" */;
			compatibilityVersion = "Xcode 9.3";
			developmentRegion = en;
			hasScannedForEncodings = 0;
			knownRegions = (
				en,
				Base,
			);
			mainGroup = 69F3508D23EA0A7100F61437;
			packageReferences = (
				69F350AB23EB9F8700F61437 /* XCRemoteSwiftPackageReference "ReSwift" */,
			);
			productRefGroup = 69F3509723EA0A7100F61437 /* Products */;
			projectDirPath = "";
			projectRoot = "";
			targets = (
				69F3509523EA0A7100F61437 /* reswift-jobs */,
			);
		};
/* End PBXProject section */

/* Begin PBXResourcesBuildPhase section */
		69F3509423EA0A7100F61437 /* Resources */ = {
			isa = PBXResourcesBuildPhase;
			buildActionMask = 2147483647;
			files = (
				69F350A023EA0A7300F61437 /* Assets.xcassets in Resources */,
				69F350A323EA0A7300F61437 /* Main.storyboard in Resources */,
			);
			runOnlyForDeploymentPostprocessing = 0;
		};
/* End PBXResourcesBuildPhase section */

/* Begin PBXSourcesBuildPhase section */
		69F3509223EA0A7100F61437 /* Sources */ = {
			isa = PBXSourcesBuildPhase;
			buildActionMask = 2147483647;
			files = (
				69AE637723F0E58900BF70EA /* Employee.swift in Sources */,
				69AE639423F203D700BF70EA /* JobStore.swift in Sources */,
				69AE637D23F0E6C700BF70EA /* WindowController.swift in Sources */,
				69AE639923F4A95E00BF70EA /* NotUndoable.swift in Sources */,
				69AE63BD23FCAC6400BF70EA /* RemoveIdempotentActionsMiddleware.swift in Sources */,
				69AE63B123FB7C9F00BF70EA /* UndoMiddleware.swift in Sources */,
				69AE638323F0E9FD00BF70EA /* JobPresenter.swift in Sources */,
				69AE63AB23FB75EC00BF70EA /* JobActions.swift in Sources */,
				69AE63B423FB8A5400BF70EA /* UndoCommand.swift in Sources */,
				69AE638C23F0ED2900BF70EA /* EmployeeViewModel.swift in Sources */,
				69AE639223F0F3A800BF70EA /* EmployeeID.swift in Sources */,
				69AE639D23FA0AA400BF70EA /* LoggingMiddleware.swift in Sources */,
				69AE63AD23FB760700BF70EA /* EmployeeReducer.swift in Sources */,
				69AE639723F4A93400BF70EA /* Undoable.swift in Sources */,
				69AE638A23F0ED1600BF70EA /* JobViewModel.swift in Sources */,
				69F3509A23EA0A7100F61437 /* AppDelegate.swift in Sources */,
				69AE63AF23FB77ED00BF70EA /* EmployeeActions.swift in Sources */,
				69AE639B23F9FD3E00BF70EA /* UndoActionContext.swift in Sources */,
				69AE63B923FCAB1000BF70EA /* SelectionReducer.swift in Sources */,
				69AE639023F0EE8100BF70EA /* Job.swift in Sources */,
				69AE63AA23FB75EC00BF70EA /* JobReducer.swift in Sources */,
				69AE63BB23FCAB4000BF70EA /* SelectionActions.swift in Sources */,
				69AE63B723FCAAD500BF70EA /* SelectionState.swift in Sources */,
				69AE637C23F0E6C700BF70EA /* ViewController.swift in Sources */,
				69F3509E23EA0A7100F61437 /* Document.swift in Sources */,
				69AE638E23F0EE1D00BF70EA /* JobState.swift in Sources */,
			);
			runOnlyForDeploymentPostprocessing = 0;
		};
/* End PBXSourcesBuildPhase section */

/* Begin PBXVariantGroup section */
		69F350A123EA0A7300F61437 /* Main.storyboard */ = {
			isa = PBXVariantGroup;
			children = (
				69F350A223EA0A7300F61437 /* Base */,
			);
			name = Main.storyboard;
			sourceTree = "<group>";
		};
/* End PBXVariantGroup section */

/* Begin XCBuildConfiguration section */
		69F350A623EA0A7300F61437 /* Debug */ = {
			isa = XCBuildConfiguration;
			buildSettings = {
				ALWAYS_SEARCH_USER_PATHS = NO;
				CLANG_ANALYZER_NONNULL = YES;
				CLANG_ANALYZER_NUMBER_OBJECT_CONVERSION = YES_AGGRESSIVE;
				CLANG_CXX_LANGUAGE_STANDARD = "gnu++14";
				CLANG_CXX_LIBRARY = "libc++";
				CLANG_ENABLE_MODULES = YES;
				CLANG_ENABLE_OBJC_ARC = YES;
				CLANG_ENABLE_OBJC_WEAK = YES;
				CLANG_WARN_BLOCK_CAPTURE_AUTORELEASING = YES;
				CLANG_WARN_BOOL_CONVERSION = YES;
				CLANG_WARN_COMMA = YES;
				CLANG_WARN_CONSTANT_CONVERSION = YES;
				CLANG_WARN_DEPRECATED_OBJC_IMPLEMENTATIONS = YES;
				CLANG_WARN_DIRECT_OBJC_ISA_USAGE = YES_ERROR;
				CLANG_WARN_DOCUMENTATION_COMMENTS = YES;
				CLANG_WARN_EMPTY_BODY = YES;
				CLANG_WARN_ENUM_CONVERSION = YES;
				CLANG_WARN_INFINITE_RECURSION = YES;
				CLANG_WARN_INT_CONVERSION = YES;
				CLANG_WARN_NON_LITERAL_NULL_CONVERSION = YES;
				CLANG_WARN_OBJC_IMPLICIT_RETAIN_SELF = YES;
				CLANG_WARN_OBJC_LITERAL_CONVERSION = YES;
				CLANG_WARN_OBJC_ROOT_CLASS = YES_ERROR;
				CLANG_WARN_RANGE_LOOP_ANALYSIS = YES;
				CLANG_WARN_STRICT_PROTOTYPES = YES;
				CLANG_WARN_SUSPICIOUS_MOVE = YES;
				CLANG_WARN_UNGUARDED_AVAILABILITY = YES_AGGRESSIVE;
				CLANG_WARN_UNREACHABLE_CODE = YES;
				CLANG_WARN__DUPLICATE_METHOD_MATCH = YES;
				COPY_PHASE_STRIP = NO;
				DEBUG_INFORMATION_FORMAT = dwarf;
				ENABLE_STRICT_OBJC_MSGSEND = YES;
				ENABLE_TESTABILITY = YES;
				GCC_C_LANGUAGE_STANDARD = gnu11;
				GCC_DYNAMIC_NO_PIC = NO;
				GCC_NO_COMMON_BLOCKS = YES;
				GCC_OPTIMIZATION_LEVEL = 0;
				GCC_PREPROCESSOR_DEFINITIONS = (
					"DEBUG=1",
					"$(inherited)",
				);
				GCC_WARN_64_TO_32_BIT_CONVERSION = YES;
				GCC_WARN_ABOUT_RETURN_TYPE = YES_ERROR;
				GCC_WARN_UNDECLARED_SELECTOR = YES;
				GCC_WARN_UNINITIALIZED_AUTOS = YES_AGGRESSIVE;
				GCC_WARN_UNUSED_FUNCTION = YES;
				GCC_WARN_UNUSED_VARIABLE = YES;
				MACOSX_DEPLOYMENT_TARGET = 10.14;
				MTL_ENABLE_DEBUG_INFO = INCLUDE_SOURCE;
				MTL_FAST_MATH = YES;
				ONLY_ACTIVE_ARCH = YES;
				SDKROOT = macosx;
				SWIFT_ACTIVE_COMPILATION_CONDITIONS = DEBUG;
				SWIFT_OPTIMIZATION_LEVEL = "-Onone";
			};
			name = Debug;
		};
		69F350A723EA0A7300F61437 /* Release */ = {
			isa = XCBuildConfiguration;
			buildSettings = {
				ALWAYS_SEARCH_USER_PATHS = NO;
				CLANG_ANALYZER_NONNULL = YES;
				CLANG_ANALYZER_NUMBER_OBJECT_CONVERSION = YES_AGGRESSIVE;
				CLANG_CXX_LANGUAGE_STANDARD = "gnu++14";
				CLANG_CXX_LIBRARY = "libc++";
				CLANG_ENABLE_MODULES = YES;
				CLANG_ENABLE_OBJC_ARC = YES;
				CLANG_ENABLE_OBJC_WEAK = YES;
				CLANG_WARN_BLOCK_CAPTURE_AUTORELEASING = YES;
				CLANG_WARN_BOOL_CONVERSION = YES;
				CLANG_WARN_COMMA = YES;
				CLANG_WARN_CONSTANT_CONVERSION = YES;
				CLANG_WARN_DEPRECATED_OBJC_IMPLEMENTATIONS = YES;
				CLANG_WARN_DIRECT_OBJC_ISA_USAGE = YES_ERROR;
				CLANG_WARN_DOCUMENTATION_COMMENTS = YES;
				CLANG_WARN_EMPTY_BODY = YES;
				CLANG_WARN_ENUM_CONVERSION = YES;
				CLANG_WARN_INFINITE_RECURSION = YES;
				CLANG_WARN_INT_CONVERSION = YES;
				CLANG_WARN_NON_LITERAL_NULL_CONVERSION = YES;
				CLANG_WARN_OBJC_IMPLICIT_RETAIN_SELF = YES;
				CLANG_WARN_OBJC_LITERAL_CONVERSION = YES;
				CLANG_WARN_OBJC_ROOT_CLASS = YES_ERROR;
				CLANG_WARN_RANGE_LOOP_ANALYSIS = YES;
				CLANG_WARN_STRICT_PROTOTYPES = YES;
				CLANG_WARN_SUSPICIOUS_MOVE = YES;
				CLANG_WARN_UNGUARDED_AVAILABILITY = YES_AGGRESSIVE;
				CLANG_WARN_UNREACHABLE_CODE = YES;
				CLANG_WARN__DUPLICATE_METHOD_MATCH = YES;
				COPY_PHASE_STRIP = NO;
				DEBUG_INFORMATION_FORMAT = "dwarf-with-dsym";
				ENABLE_NS_ASSERTIONS = NO;
				ENABLE_STRICT_OBJC_MSGSEND = YES;
				GCC_C_LANGUAGE_STANDARD = gnu11;
				GCC_NO_COMMON_BLOCKS = YES;
				GCC_WARN_64_TO_32_BIT_CONVERSION = YES;
				GCC_WARN_ABOUT_RETURN_TYPE = YES_ERROR;
				GCC_WARN_UNDECLARED_SELECTOR = YES;
				GCC_WARN_UNINITIALIZED_AUTOS = YES_AGGRESSIVE;
				GCC_WARN_UNUSED_FUNCTION = YES;
				GCC_WARN_UNUSED_VARIABLE = YES;
				MACOSX_DEPLOYMENT_TARGET = 10.14;
				MTL_ENABLE_DEBUG_INFO = NO;
				MTL_FAST_MATH = YES;
				SDKROOT = macosx;
				SWIFT_COMPILATION_MODE = wholemodule;
				SWIFT_OPTIMIZATION_LEVEL = "-O";
			};
			name = Release;
		};
		69F350A923EA0A7300F61437 /* Debug */ = {
			isa = XCBuildConfiguration;
			buildSettings = {
				ASSETCATALOG_COMPILER_APPICON_NAME = AppIcon;
				CODE_SIGN_ENTITLEMENTS = "reswift-jobs/reswift_jobs.entitlements";
				CODE_SIGN_STYLE = Automatic;
				COMBINE_HIDPI_IMAGES = YES;
				INFOPLIST_FILE = "reswift-jobs/Info.plist";
				LD_RUNPATH_SEARCH_PATHS = (
					"$(inherited)",
					"@executable_path/../Frameworks",
				);
				PRODUCT_BUNDLE_IDENTIFIER = "com.heynow.reswift-jobs";
				PRODUCT_NAME = "$(TARGET_NAME)";
				SWIFT_VERSION = 5.0;
			};
			name = Debug;
		};
		69F350AA23EA0A7300F61437 /* Release */ = {
			isa = XCBuildConfiguration;
			buildSettings = {
				ASSETCATALOG_COMPILER_APPICON_NAME = AppIcon;
				CODE_SIGN_ENTITLEMENTS = "reswift-jobs/reswift_jobs.entitlements";
				CODE_SIGN_STYLE = Automatic;
				COMBINE_HIDPI_IMAGES = YES;
				INFOPLIST_FILE = "reswift-jobs/Info.plist";
				LD_RUNPATH_SEARCH_PATHS = (
					"$(inherited)",
					"@executable_path/../Frameworks",
				);
				PRODUCT_BUNDLE_IDENTIFIER = "com.heynow.reswift-jobs";
				PRODUCT_NAME = "$(TARGET_NAME)";
				SWIFT_VERSION = 5.0;
			};
			name = Release;
		};
/* End XCBuildConfiguration section */

/* Begin XCConfigurationList section */
		69F3509123EA0A7100F61437 /* Build configuration list for PBXProject "reswift-jobs" */ = {
			isa = XCConfigurationList;
			buildConfigurations = (
				69F350A623EA0A7300F61437 /* Debug */,
				69F350A723EA0A7300F61437 /* Release */,
			);
			defaultConfigurationIsVisible = 0;
			defaultConfigurationName = Release;
		};
		69F350A823EA0A7300F61437 /* Build configuration list for PBXNativeTarget "reswift-jobs" */ = {
			isa = XCConfigurationList;
			buildConfigurations = (
				69F350A923EA0A7300F61437 /* Debug */,
				69F350AA23EA0A7300F61437 /* Release */,
			);
			defaultConfigurationIsVisible = 0;
			defaultConfigurationName = Release;
		};
/* End XCConfigurationList section */

/* Begin XCRemoteSwiftPackageReference section */
		69F350AB23EB9F8700F61437 /* XCRemoteSwiftPackageReference "ReSwift" */ = {
			isa = XCRemoteSwiftPackageReference;
			repositoryURL = "https://github.com/ReSwift/ReSwift";
			requirement = {
				kind = upToNextMajorVersion;
				minimumVersion = 5.0.0;
			};
		};
/* End XCRemoteSwiftPackageReference section */

/* Begin XCSwiftPackageProductDependency section */
		69F350AC23EB9F8700F61437 /* ReSwift */ = {
			isa = XCSwiftPackageProductDependency;
			package = 69F350AB23EB9F8700F61437 /* XCRemoteSwiftPackageReference "ReSwift" */;
			productName = ReSwift;
		};
/* End XCSwiftPackageProductDependency section */
	};
	rootObject = 69F3508E23EA0A7100F61437 /* Project object */;
}
